// !$*UTF8*$!
{
	archiveVersion = 1;
	classes = {
	};
	objectVersion = 50;
	objects = {

/* Begin PBXBuildFile section */
		15E0D76926CF918400794A91 /* AppDelegate.swift in Sources */ = {isa = PBXBuildFile; fileRef = 15E0D76826CF918400794A91 /* AppDelegate.swift */; };
		15E0D76B26CF918400794A91 /* ViewController.swift in Sources */ = {isa = PBXBuildFile; fileRef = 15E0D76A26CF918400794A91 /* ViewController.swift */; };
		15E0D76E26CF918400794A91 /* Main.storyboard in Resources */ = {isa = PBXBuildFile; fileRef = 15E0D76C26CF918400794A91 /* Main.storyboard */; };
		15E0D77026CF918A00794A91 /* Assets.xcassets in Resources */ = {isa = PBXBuildFile; fileRef = 15E0D76F26CF918A00794A91 /* Assets.xcassets */; };
		15E0D77326CF918A00794A91 /* LaunchScreen.storyboard in Resources */ = {isa = PBXBuildFile; fileRef = 15E0D77126CF918A00794A91 /* LaunchScreen.storyboard */; };
		15E0D77E26CF918A00794A91 /* G60L3Tests.swift in Sources */ = {isa = PBXBuildFile; fileRef = 15E0D77D26CF918A00794A91 /* G60L3Tests.swift */; };
		15E0D78926CF918A00794A91 /* G60L3UITests.swift in Sources */ = {isa = PBXBuildFile; fileRef = 15E0D78826CF918A00794A91 /* G60L3UITests.swift */; };
/* End PBXBuildFile section */

/* Begin PBXContainerItemProxy section */
		15E0D77A26CF918A00794A91 /* PBXContainerItemProxy */ = {
			isa = PBXContainerItemProxy;
			containerPortal = 15E0D75D26CF918400794A91 /* Project object */;
			proxyType = 1;
			remoteGlobalIDString = 15E0D76426CF918400794A91;
			remoteInfo = G60L3;
		};
		15E0D78526CF918A00794A91 /* PBXContainerItemProxy */ = {
			isa = PBXContainerItemProxy;
			containerPortal = 15E0D75D26CF918400794A91 /* Project object */;
			proxyType = 1;
			remoteGlobalIDString = 15E0D76426CF918400794A91;
			remoteInfo = G60L3;
		};
/* End PBXContainerItemProxy section */

/* Begin PBXFileReference section */
		15E0D76526CF918400794A91 /* G60L3.app */ = {isa = PBXFileReference; explicitFileType = wrapper.application; includeInIndex = 0; path = G60L3.app; sourceTree = BUILT_PRODUCTS_DIR; };
		15E0D76826CF918400794A91 /* AppDelegate.swift */ = {isa = PBXFileReference; lastKnownFileType = sourcecode.swift; path = AppDelegate.swift; sourceTree = "<group>"; };
		15E0D76A26CF918400794A91 /* ViewController.swift */ = {isa = PBXFileReference; lastKnownFileType = sourcecode.swift; path = ViewController.swift; sourceTree = "<group>"; };
		15E0D76D26CF918400794A91 /* Base */ = {isa = PBXFileReference; lastKnownFileType = file.storyboard; name = Base; path = Base.lproj/Main.storyboard; sourceTree = "<group>"; };
		15E0D76F26CF918A00794A91 /* Assets.xcassets */ = {isa = PBXFileReference; lastKnownFileType = folder.assetcatalog; path = Assets.xcassets; sourceTree = "<group>"; };
		15E0D77226CF918A00794A91 /* Base */ = {isa = PBXFileReference; lastKnownFileType = file.storyboard; name = Base; path = Base.lproj/LaunchScreen.storyboard; sourceTree = "<group>"; };
		15E0D77426CF918A00794A91 /* Info.plist */ = {isa = PBXFileReference; lastKnownFileType = text.plist.xml; path = Info.plist; sourceTree = "<group>"; };
		15E0D77926CF918A00794A91 /* G60L3Tests.xctest */ = {isa = PBXFileReference; explicitFileType = wrapper.cfbundle; includeInIndex = 0; path = G60L3Tests.xctest; sourceTree = BUILT_PRODUCTS_DIR; };
		15E0D77D26CF918A00794A91 /* G60L3Tests.swift */ = {isa = PBXFileReference; lastKnownFileType = sourcecode.swift; path = G60L3Tests.swift; sourceTree = "<group>"; };
		15E0D77F26CF918A00794A91 /* Info.plist */ = {isa = PBXFileReference; lastKnownFileType = text.plist.xml; path = Info.plist; sourceTree = "<group>"; };
		15E0D78426CF918A00794A91 /* G60L3UITests.xctest */ = {isa = PBXFileReference; explicitFileType = wrapper.cfbundle; includeInIndex = 0; path = G60L3UITests.xctest; sourceTree = BUILT_PRODUCTS_DIR; };
		15E0D78826CF918A00794A91 /* G60L3UITests.swift */ = {isa = PBXFileReference; lastKnownFileType = sourcecode.swift; path = G60L3UITests.swift; sourceTree = "<group>"; };
		15E0D78A26CF918A00794A91 /* Info.plist */ = {isa = PBXFileReference; lastKnownFileType = text.plist.xml; path = Info.plist; sourceTree = "<group>"; };
/* End PBXFileReference section */

/* Begin PBXFrameworksBuildPhase section */
		15E0D76226CF918400794A91 /* Frameworks */ = {
			isa = PBXFrameworksBuildPhase;
			buildActionMask = 2147483647;
			files = (
			);
			runOnlyForDeploymentPostprocessing = 0;
		};
		15E0D77626CF918A00794A91 /* Frameworks */ = {
			isa = PBXFrameworksBuildPhase;
			buildActionMask = 2147483647;
			files = (
			);
			runOnlyForDeploymentPostprocessing = 0;
		};
		15E0D78126CF918A00794A91 /* Frameworks */ = {
			isa = PBXFrameworksBuildPhase;
			buildActionMask = 2147483647;
			files = (
			);
			runOnlyForDeploymentPostprocessing = 0;
		};
/* End PBXFrameworksBuildPhase section */

/* Begin PBXGroup section */
		15E0D75C26CF918400794A91 = {
			isa = PBXGroup;
			children = (
				15E0D76726CF918400794A91 /* G60L3 */,
				15E0D77C26CF918A00794A91 /* G60L3Tests */,
				15E0D78726CF918A00794A91 /* G60L3UITests */,
				15E0D76626CF918400794A91 /* Products */,
			);
			sourceTree = "<group>";
		};
		15E0D76626CF918400794A91 /* Products */ = {
			isa = PBXGroup;
			children = (
				15E0D76526CF918400794A91 /* G60L3.app */,
				15E0D77926CF918A00794A91 /* G60L3Tests.xctest */,
				15E0D78426CF918A00794A91 /* G60L3UITests.xctest */,
			);
			name = Products;
			sourceTree = "<group>";
		};
		15E0D76726CF918400794A91 /* G60L3 */ = {
			isa = PBXGroup;
			children = (
				15E0D76826CF918400794A91 /* AppDelegate.swift */,
				15E0D76A26CF918400794A91 /* ViewController.swift */,
				15E0D76C26CF918400794A91 /* Main.storyboard */,
				15E0D76F26CF918A00794A91 /* Assets.xcassets */,
				15E0D77126CF918A00794A91 /* LaunchScreen.storyboard */,
				15E0D77426CF918A00794A91 /* Info.plist */,
			);
			path = G60L3;
			sourceTree = "<group>";
		};
		15E0D77C26CF918A00794A91 /* G60L3Tests */ = {
			isa = PBXGroup;
			children = (
				15E0D77D26CF918A00794A91 /* G60L3Tests.swift */,
				15E0D77F26CF918A00794A91 /* Info.plist */,
			);
			path = G60L3Tests;
			sourceTree = "<group>";
		};
		15E0D78726CF918A00794A91 /* G60L3UITests */ = {
			isa = PBXGroup;
			children = (
				15E0D78826CF918A00794A91 /* G60L3UITests.swift */,
				15E0D78A26CF918A00794A91 /* Info.plist */,
			);
			path = G60L3UITests;
			sourceTree = "<group>";
		};
/* End PBXGroup section */

/* Begin PBXNativeTarget section */
		15E0D76426CF918400794A91 /* G60L3 */ = {
			isa = PBXNativeTarget;
			buildConfigurationList = 15E0D78D26CF918A00794A91 /* Build configuration list for PBXNativeTarget "G60L3" */;
			buildPhases = (
				15E0D76126CF918400794A91 /* Sources */,
				15E0D76226CF918400794A91 /* Frameworks */,
				15E0D76326CF918400794A91 /* Resources */,
			);
			buildRules = (
			);
			dependencies = (
			);
			name = G60L3;
			productName = G60L3;
			productReference = 15E0D76526CF918400794A91 /* G60L3.app */;
			productType = "com.apple.product-type.application";
		};
		15E0D77826CF918A00794A91 /* G60L3Tests */ = {
			isa = PBXNativeTarget;
			buildConfigurationList = 15E0D79026CF918A00794A91 /* Build configuration list for PBXNativeTarget "G60L3Tests" */;
			buildPhases = (
				15E0D77526CF918A00794A91 /* Sources */,
				15E0D77626CF918A00794A91 /* Frameworks */,
				15E0D77726CF918A00794A91 /* Resources */,
			);
			buildRules = (
			);
			dependencies = (
				15E0D77B26CF918A00794A91 /* PBXTargetDependency */,
			);
			name = G60L3Tests;
			productName = G60L3Tests;
			productReference = 15E0D77926CF918A00794A91 /* G60L3Tests.xctest */;
			productType = "com.apple.product-type.bundle.unit-test";
		};
		15E0D78326CF918A00794A91 /* G60L3UITests */ = {
			isa = PBXNativeTarget;
			buildConfigurationList = 15E0D79326CF918A00794A91 /* Build configuration list for PBXNativeTarget "G60L3UITests" */;
			buildPhases = (
				15E0D78026CF918A00794A91 /* Sources */,
				15E0D78126CF918A00794A91 /* Frameworks */,
				15E0D78226CF918A00794A91 /* Resources */,
			);
			buildRules = (
			);
			dependencies = (
				15E0D78626CF918A00794A91 /* PBXTargetDependency */,
			);
			name = G60L3UITests;
			productName = G60L3UITests;
			productReference = 15E0D78426CF918A00794A91 /* G60L3UITests.xctest */;
			productType = "com.apple.product-type.bundle.ui-testing";
		};
/* End PBXNativeTarget section */

/* Begin PBXProject section */
		15E0D75D26CF918400794A91 /* Project object */ = {
			isa = PBXProject;
			attributes = {
				LastSwiftUpdateCheck = 1010;
				LastUpgradeCheck = 1010;
				ORGANIZATIONNAME = pro;
				TargetAttributes = {
					15E0D76426CF918400794A91 = {
						CreatedOnToolsVersion = 10.1;
					};
					15E0D77826CF918A00794A91 = {
						CreatedOnToolsVersion = 10.1;
						TestTargetID = 15E0D76426CF918400794A91;
					};
					15E0D78326CF918A00794A91 = {
						CreatedOnToolsVersion = 10.1;
						TestTargetID = 15E0D76426CF918400794A91;
					};
				};
			};
			buildConfigurationList = 15E0D76026CF918400794A91 /* Build configuration list for PBXProject "G60L3" */;
			compatibilityVersion = "Xcode 9.3";
			developmentRegion = en;
			hasScannedForEncodings = 0;
			knownRegions = (
				en,
				Base,
			);
			mainGroup = 15E0D75C26CF918400794A91;
			productRefGroup = 15E0D76626CF918400794A91 /* Products */;
			projectDirPath = "";
			projectRoot = "";
			targets = (
				15E0D76426CF918400794A91 /* G60L3 */,
				15E0D77826CF918A00794A91 /* G60L3Tests */,
				15E0D78326CF918A00794A91 /* G60L3UITests */,
			);
		};
/* End PBXProject section */

/* Begin PBXResourcesBuildPhase section */
		15E0D76326CF918400794A91 /* Resources */ = {
			isa = PBXResourcesBuildPhase;
			buildActionMask = 2147483647;
			files = (
				15E0D77326CF918A00794A91 /* LaunchScreen.storyboard in Resources */,
				15E0D77026CF918A00794A91 /* Assets.xcassets in Resources */,
				15E0D76E26CF918400794A91 /* Main.storyboard in Resources */,
			);
			runOnlyForDeploymentPostprocessing = 0;
		};
		15E0D77726CF918A00794A91 /* Resources */ = {
			isa = PBXResourcesBuildPhase;
			buildActionMask = 2147483647;
			files = (
			);
			runOnlyForDeploymentPostprocessing = 0;
		};
		15E0D78226CF918A00794A91 /* Resources */ = {
			isa = PBXResourcesBuildPhase;
			buildActionMask = 2147483647;
			files = (
			);
			runOnlyForDeploymentPostprocessing = 0;
		};
/* End PBXResourcesBuildPhase section */

/* Begin PBXSourcesBuildPhase section */
		15E0D76126CF918400794A91 /* Sources */ = {
			isa = PBXSourcesBuildPhase;
			buildActionMask = 2147483647;
			files = (
				15E0D76B26CF918400794A91 /* ViewController.swift in Sources */,
				15E0D76926CF918400794A91 /* AppDelegate.swift in Sources */,
			);
			runOnlyForDeploymentPostprocessing = 0;
		};
		15E0D77526CF918A00794A91 /* Sources */ = {
			isa = PBXSourcesBuildPhase;
			buildActionMask = 2147483647;
			files = (
				15E0D77E26CF918A00794A91 /* G60L3Tests.swift in Sources */,
			);
			runOnlyForDeploymentPostprocessing = 0;
		};
		15E0D78026CF918A00794A91 /* Sources */ = {
			isa = PBXSourcesBuildPhase;
			buildActionMask = 2147483647;
			files = (
				15E0D78926CF918A00794A91 /* G60L3UITests.swift in Sources */,
			);
			runOnlyForDeploymentPostprocessing = 0;
		};
/* End PBXSourcesBuildPhase section */

/* Begin PBXTargetDependency section */
		15E0D77B26CF918A00794A91 /* PBXTargetDependency */ = {
			isa = PBXTargetDependency;
			target = 15E0D76426CF918400794A91 /* G60L3 */;
			targetProxy = 15E0D77A26CF918A00794A91 /* PBXContainerItemProxy */;
		};
		15E0D78626CF918A00794A91 /* PBXTargetDependency */ = {
			isa = PBXTargetDependency;
			target = 15E0D76426CF918400794A91 /* G60L3 */;
			targetProxy = 15E0D78526CF918A00794A91 /* PBXContainerItemProxy */;
		};
/* End PBXTargetDependency section */

/* Begin PBXVariantGroup section */
		15E0D76C26CF918400794A91 /* Main.storyboard */ = {
			isa = PBXVariantGroup;
			children = (
				15E0D76D26CF918400794A91 /* Base */,
			);
			name = Main.storyboard;
			sourceTree = "<group>";
		};
		15E0D77126CF918A00794A91 /* LaunchScreen.storyboard */ = {
			isa = PBXVariantGroup;
			children = (
				15E0D77226CF918A00794A91 /* Base */,
			);
			name = LaunchScreen.storyboard;
			sourceTree = "<group>";
		};
/* End PBXVariantGroup section */

/* Begin XCBuildConfiguration section */
		15E0D78B26CF918A00794A91 /* Debug */ = {
			isa = XCBuildConfiguration;
			buildSettings = {
				ALWAYS_SEARCH_USER_PATHS = NO;
				CLANG_ANALYZER_NONNULL = YES;
				CLANG_ANALYZER_NUMBER_OBJECT_CONVERSION = YES_AGGRESSIVE;
				CLANG_CXX_LANGUAGE_STANDARD = "gnu++14";
				CLANG_CXX_LIBRARY = "libc++";
				CLANG_ENABLE_MODULES = YES;
				CLANG_ENABLE_OBJC_ARC = YES;
				CLANG_ENABLE_OBJC_WEAK = YES;
				CLANG_WARN_BLOCK_CAPTURE_AUTORELEASING = YES;
				CLANG_WARN_BOOL_CONVERSION = YES;
				CLANG_WARN_COMMA = YES;
				CLANG_WARN_CONSTANT_CONVERSION = YES;
				CLANG_WARN_DEPRECATED_OBJC_IMPLEMENTATIONS = YES;
				CLANG_WARN_DIRECT_OBJC_ISA_USAGE = YES_ERROR;
				CLANG_WARN_DOCUMENTATION_COMMENTS = YES;
				CLANG_WARN_EMPTY_BODY = YES;
				CLANG_WARN_ENUM_CONVERSION = YES;
				CLANG_WARN_INFINITE_RECURSION = YES;
				CLANG_WARN_INT_CONVERSION = YES;
				CLANG_WARN_NON_LITERAL_NULL_CONVERSION = YES;
				CLANG_WARN_OBJC_IMPLICIT_RETAIN_SELF = YES;
				CLANG_WARN_OBJC_LITERAL_CONVERSION = YES;
				CLANG_WARN_OBJC_ROOT_CLASS = YES_ERROR;
				CLANG_WARN_RANGE_LOOP_ANALYSIS = YES;
				CLANG_WARN_STRICT_PROTOTYPES = YES;
				CLANG_WARN_SUSPICIOUS_MOVE = YES;
				CLANG_WARN_UNGUARDED_AVAILABILITY = YES_AGGRESSIVE;
				CLANG_WARN_UNREACHABLE_CODE = YES;
				CLANG_WARN__DUPLICATE_METHOD_MATCH = YES;
				CODE_SIGN_IDENTITY = "iPhone Developer";
				COPY_PHASE_STRIP = NO;
				DEBUG_INFORMATION_FORMAT = dwarf;
				ENABLE_STRICT_OBJC_MSGSEND = YES;
				ENABLE_TESTABILITY = YES;
				GCC_C_LANGUAGE_STANDARD = gnu11;
				GCC_DYNAMIC_NO_PIC = NO;
				GCC_NO_COMMON_BLOCKS = YES;
				GCC_OPTIMIZATION_LEVEL = 0;
				GCC_PREPROCESSOR_DEFINITIONS = (
					"DEBUG=1",
					"$(inherited)",
				);
				GCC_WARN_64_TO_32_BIT_CONVERSION = YES;
				GCC_WARN_ABOUT_RETURN_TYPE = YES_ERROR;
				GCC_WARN_UNDECLARED_SELECTOR = YES;
				GCC_WARN_UNINITIALIZED_AUTOS = YES_AGGRESSIVE;
				GCC_WARN_UNUSED_FUNCTION = YES;
				GCC_WARN_UNUSED_VARIABLE = YES;
				IPHONEOS_DEPLOYMENT_TARGET = 12.1;
				MTL_ENABLE_DEBUG_INFO = INCLUDE_SOURCE;
				MTL_FAST_MATH = YES;
				ONLY_ACTIVE_ARCH = YES;
				SDKROOT = iphoneos;
				SWIFT_ACTIVE_COMPILATION_CONDITIONS = DEBUG;
				SWIFT_OPTIMIZATION_LEVEL = "-Onone";
			};
			name = Debug;
		};
		15E0D78C26CF918A00794A91 /* Release */ = {
			isa = XCBuildConfiguration;
			buildSettings = {
				ALWAYS_SEARCH_USER_PATHS = NO;
				CLANG_ANALYZER_NONNULL = YES;
				CLANG_ANALYZER_NUMBER_OBJECT_CONVERSION = YES_AGGRESSIVE;
				CLANG_CXX_LANGUAGE_STANDARD = "gnu++14";
				CLANG_CXX_LIBRARY = "libc++";
				CLANG_ENABLE_MODULES = YES;
				CLANG_ENABLE_OBJC_ARC = YES;
				CLANG_ENABLE_OBJC_WEAK = YES;
				CLANG_WARN_BLOCK_CAPTURE_AUTORELEASING = YES;
				CLANG_WARN_BOOL_CONVERSION = YES;
				CLANG_WARN_COMMA = YES;
				CLANG_WARN_CONSTANT_CONVERSION = YES;
				CLANG_WARN_DEPRECATED_OBJC_IMPLEMENTATIONS = YES;
				CLANG_WARN_DIRECT_OBJC_ISA_USAGE = YES_ERROR;
				CLANG_WARN_DOCUMENTATION_COMMENTS = YES;
				CLANG_WARN_EMPTY_BODY = YES;
				CLANG_WARN_ENUM_CONVERSION = YES;
				CLANG_WARN_INFINITE_RECURSION = YES;
				CLANG_WARN_INT_CONVERSION = YES;
				CLANG_WARN_NON_LITERAL_NULL_CONVERSION = YES;
				CLANG_WARN_OBJC_IMPLICIT_RETAIN_SELF = YES;
				CLANG_WARN_OBJC_LITERAL_CONVERSION = YES;
				CLANG_WARN_OBJC_ROOT_CLASS = YES_ERROR;
				CLANG_WARN_RANGE_LOOP_ANALYSIS = YES;
				CLANG_WARN_STRICT_PROTOTYPES = YES;
				CLANG_WARN_SUSPICIOUS_MOVE = YES;
				CLANG_WARN_UNGUARDED_AVAILABILITY = YES_AGGRESSIVE;
				CLANG_WARN_UNREACHABLE_CODE = YES;
				CLANG_WARN__DUPLICATE_METHOD_MATCH = YES;
				CODE_SIGN_IDENTITY = "iPhone Developer";
				COPY_PHASE_STRIP = NO;
				DEBUG_INFORMATION_FORMAT = "dwarf-with-dsym";
				ENABLE_NS_ASSERTIONS = NO;
				ENABLE_STRICT_OBJC_MSGSEND = YES;
				GCC_C_LANGUAGE_STANDARD = gnu11;
				GCC_NO_COMMON_BLOCKS = YES;
				GCC_WARN_64_TO_32_BIT_CONVERSION = YES;
				GCC_WARN_ABOUT_RETURN_TYPE = YES_ERROR;
				GCC_WARN_UNDECLARED_SELECTOR = YES;
				GCC_WARN_UNINITIALIZED_AUTOS = YES_AGGRESSIVE;
				GCC_WARN_UNUSED_FUNCTION = YES;
				GCC_WARN_UNUSED_VARIABLE = YES;
				IPHONEOS_DEPLOYMENT_TARGET = 12.1;
				MTL_ENABLE_DEBUG_INFO = NO;
				MTL_FAST_MATH = YES;
				SDKROOT = iphoneos;
				SWIFT_COMPILATION_MODE = wholemodule;
				SWIFT_OPTIMIZATION_LEVEL = "-O";
				VALIDATE_PRODUCT = YES;
			};
			name = Release;
		};
		15E0D78E26CF918A00794A91 /* Debug */ = {
			isa = XCBuildConfiguration;
			buildSettings = {
				ASSETCATALOG_COMPILER_APPICON_NAME = AppIcon;
				CODE_SIGN_STYLE = Automatic;
				DEVELOPMENT_TEAM = XRUH9TD9DS;
				INFOPLIST_FILE = G60L3/Info.plist;
				LD_RUNPATH_SEARCH_PATHS = (
					"$(inherited)",
					"@executable_path/Frameworks",
				);
				PRODUCT_BUNDLE_IDENTIFIER = "-.G60L3";
				PRODUCT_NAME = "$(TARGET_NAME)";
				SWIFT_VERSION = 4.2;
				TARGETED_DEVICE_FAMILY = "1,2";
			};
			name = Debug;
		};
		15E0D78F26CF918A00794A91 /* Release */ = {
			isa = XCBuildConfiguration;
			buildSettings = {
				ASSETCATALOG_COMPILER_APPICON_NAME = AppIcon;
				CODE_SIGN_STYLE = Automatic;
				DEVELOPMENT_TEAM = XRUH9TD9DS;
				INFOPLIST_FILE = G60L3/Info.plist;
				LD_RUNPATH_SEARCH_PATHS = (
					"$(inherited)",
					"@executable_path/Frameworks",
				);
				PRODUCT_BUNDLE_IDENTIFIER = "-.G60L3";
				PRODUCT_NAME = "$(TARGET_NAME)";
				SWIFT_VERSION = 4.2;
				TARGETED_DEVICE_FAMILY = "1,2";
			};
			name = Release;
		};
		15E0D79126CF918A00794A91 /* Debug */ = {
			isa = XCBuildConfiguration;
			buildSettings = {
				ALWAYS_EMBED_SWIFT_STANDARD_LIBRARIES = YES;
				BUNDLE_LOADER = "$(TEST_HOST)";
				CODE_SIGN_STYLE = Automatic;
				DEVELOPMENT_TEAM = XRUH9TD9DS;
				INFOPLIST_FILE = G60L3Tests/Info.plist;
				LD_RUNPATH_SEARCH_PATHS = (
					"$(inherited)",
					"@executable_path/Frameworks",
					"@loader_path/Frameworks",
				);
				PRODUCT_BUNDLE_IDENTIFIER = "-.G60L3Tests";
				PRODUCT_NAME = "$(TARGET_NAME)";
				SWIFT_VERSION = 4.2;
				TARGETED_DEVICE_FAMILY = "1,2";
				TEST_HOST = "$(BUILT_PRODUCTS_DIR)/G60L3.app/G60L3";
			};
			name = Debug;
		};
		15E0D79226CF918A00794A91 /* Release */ = {
			isa = XCBuildConfiguration;
			buildSettings = {
				ALWAYS_EMBED_SWIFT_STANDARD_LIBRARIES = YES;
				BUNDLE_LOADER = "$(TEST_HOST)";
				CODE_SIGN_STYLE = Automatic;
				DEVELOPMENT_TEAM = XRUH9TD9DS;
				INFOPLIST_FILE = G60L3Tests/Info.plist;
				LD_RUNPATH_SEARCH_PATHS = (
					"$(inherited)",
					"@executable_path/Frameworks",
					"@loader_path/Frameworks",
				);
				PRODUCT_BUNDLE_IDENTIFIER = "-.G60L3Tests";
				PRODUCT_NAME = "$(TARGET_NAME)";
				SWIFT_VERSION = 4.2;
				TARGETED_DEVICE_FAMILY = "1,2";
				TEST_HOST = "$(BUILT_PRODUCTS_DIR)/G60L3.app/G60L3";
			};
			name = Release;
		};
		15E0D79426CF918A00794A91 /* Debug */ = {
			isa = XCBuildConfiguration;
			buildSettings = {
				ALWAYS_EMBED_SWIFT_STANDARD_LIBRARIES = YES;
				CODE_SIGN_STYLE = Automatic;
				DEVELOPMENT_TEAM = XRUH9TD9DS;
				INFOPLIST_FILE = G60L3UITests/Info.plist;
				LD_RUNPATH_SEARCH_PATHS = (
					"$(inherited)",
					"@executable_path/Frameworks",
					"@loader_path/Frameworks",
				);
				PRODUCT_BUNDLE_IDENTIFIER = "-.G60L3UITests";
				PRODUCT_NAME = "$(TARGET_NAME)";
				SWIFT_VERSION = 4.2;
				TARGETED_DEVICE_FAMILY = "1,2";
				TEST_TARGET_NAME = G60L3;
			};
			name = Debug;
		};
		15E0D79526CF918A00794A91 /* Release */ = {
			isa = XCBuildConfiguration;
			buildSettings = {
				ALWAYS_EMBED_SWIFT_STANDARD_LIBRARIES = YES;
				CODE_SIGN_STYLE = Automatic;
				DEVELOPMENT_TEAM = XRUH9TD9DS;
				INFOPLIST_FILE = G60L3UITests/Info.plist;
				LD_RUNPATH_SEARCH_PATHS = (
					"$(inherited)",
					"@executable_path/Frameworks",
					"@loader_path/Frameworks",
				);
				PRODUCT_BUNDLE_IDENTIFIER = "-.G60L3UITests";
				PRODUCT_NAME = "$(TARGET_NAME)";
				SWIFT_VERSION = 4.2;
				TARGETED_DEVICE_FAMILY = "1,2";
				TEST_TARGET_NAME = G60L3;
			};
			name = Release;
		};
/* End XCBuildConfiguration section */

/* Begin XCConfigurationList section */
		15E0D76026CF918400794A91 /* Build configuration list for PBXProject "G60L3" */ = {
			isa = XCConfigurationList;
			buildConfigurations = (
				15E0D78B26CF918A00794A91 /* Debug */,
				15E0D78C26CF918A00794A91 /* Release */,
			);
			defaultConfigurationIsVisible = 0;
			defaultConfigurationName = Release;
		};
		15E0D78D26CF918A00794A91 /* Build configuration list for PBXNativeTarget "G60L3" */ = {
			isa = XCConfigurationList;
			buildConfigurations = (
				15E0D78E26CF918A00794A91 /* Debug */,
				15E0D78F26CF918A00794A91 /* Release */,
			);
			defaultConfigurationIsVisible = 0;
			defaultConfigurationName = Release;
		};
		15E0D79026CF918A00794A91 /* Build configuration list for PBXNativeTarget "G60L3Tests" */ = {
			isa = XCConfigurationList;
			buildConfigurations = (
				15E0D79126CF918A00794A91 /* Debug */,
				15E0D79226CF918A00794A91 /* Release */,
			);
			defaultConfigurationIsVisible = 0;
			defaultConfigurationName = Release;
		};
		15E0D79326CF918A00794A91 /* Build configuration list for PBXNativeTarget "G60L3UITests" */ = {
			isa = XCConfigurationList;
			buildConfigurations = (
				15E0D79426CF918A00794A91 /* Debug */,
				15E0D79526CF918A00794A91 /* Release */,
			);
			defaultConfigurationIsVisible = 0;
			defaultConfigurationName = Release;
		};
/* End XCConfigurationList section */
	};
	rootObject = 15E0D75D26CF918400794A91 /* Project object */;
}
